lockfileVersion: '9.0'

settings:
  autoInstallPeers: true
  excludeLinksFromLockfile: false

importers:

  .:
    dependencies:
      sst:
        specifier: ^3
        version: 3.5.13
    devDependencies:
      '@tsconfig/node22':
        specifier: ^22
        version: 22.0.0
      typescript:
        specifier: ^5
        version: 5.7.3

packages:

  '@tsconfig/node22@22.0.0':
    resolution: {integrity: sha512-twLQ77zevtxobBOD4ToAtVmuYrpeYUh3qh+TEp+08IWhpsrIflVHqQ1F1CiPxQGL7doCdBIOOCF+1Tm833faNg==}

  aws4fetch@1.0.20:
    resolution: {integrity: sha512-/djoAN709iY65ETD6LKCtyyEI04XIBP5xVvfmNxsEP0uJB5tyaGBztSryRr4HqMStr9R06PisQE7m9zDTXKu6g==}

  jose@4.15.9:
    resolution: {integrity: sha512-1vUQX+IdDMVPj4k8kOxgUqlcK518yluMuGZwqlr44FS1ppZB/5GWh4rZG89erpOBOJjU/OBsnCVFfapsRz6nEA==}

  jose@5.2.3:
    resolution: {integrity: sha512-KUXdbctm1uHVL8BYhnyHkgp3zDX5KW8ZhAKVFEfUbU2P8Alpzjb+48hHvjOdQIyPshoblhzsuqOwEEAbtHVirA==}

  lru-cache@6.0.0:
    resolution: {integrity: sha512-Jo6dJ04CmSjuznwJSS3pUeWmd/H0ffTlkXXgwZi+eq1UCmqQwCh+eLsYOYCwY991i2Fah4h1BEMCx4qThGbsiA==}
    engines: {node: '>=10'}

  object-hash@2.2.0:
    resolution: {integrity: sha512-gScRMn0bS5fH+IuwyIFgnh9zBdo4DV+6GhygmWM9HyNJSgS0hScp1f5vjtm7oIIOiT9trXrShAkLFSc2IqKNgw==}
    engines: {node: '>= 6'}

  oidc-token-hash@5.0.3:
    resolution: {integrity: sha512-IF4PcGgzAr6XXSff26Sk/+P4KZFJVuHAJZj3wgO3vX2bMdNVp/QXTP3P7CEm9V1IdG8lDLY3HhiqpsE/nOwpPw==}
    engines: {node: ^10.13.0 || >=12.0.0}

  openid-client@5.6.4:
    resolution: {integrity: sha512-T1h3B10BRPKfcObdBklX639tVz+xh34O7GjofqrqiAQdm7eHsQ00ih18x6wuJ/E6FxdtS2u3FmUGPDeEcMwzNA==}

  sst-darwin-arm64@3.5.13:
    resolution: {integrity: sha512-wVv4MCi8Og8J4nCKG2f3YmW8F2kuE6l5mbhj3h4A9+S4HHiTzTVMpEr8n1zru7ayz06W96tXbtpRmcZtkrNoxA==}
    cpu: [arm64]
    os: [darwin]

  sst-darwin-x64@3.5.13:
    resolution: {integrity: sha512-IrwBMUBo69dp3EIMNYsS/kPYSYT6dZ57OBAp2WnedydEnFOjCglkRCofcveaulFk+g5Wst+mRgWKHd7W8Mfieg==}
    cpu: [x64]
    os: [darwin]

  sst-linux-arm64@3.5.13:
    resolution: {integrity: sha512-++SDw86qx23c1OLaX7L430OFjPk++WJrc4SLGyA5sCDB5hZs039w4g55GCxqQyBcDtXN3qomJSKiz4tHKTZnhw==}
    cpu: [arm64]
    os: [linux]

  sst-linux-x64@3.5.13:
    resolution: {integrity: sha512-+xehn+dSPxuzVGkT0WSLEeqw0PN+DrTXNp4GYReJTH/JQSvX00rRKG2+BW9uBOYwDFpe4t/ClkpG1Vi0Nng2VA==}
    cpu: [x64]
    os: [linux]

  sst-linux-x86@3.5.13:
    resolution: {integrity: sha512-yTG0aZLUTq7B8SbOZe8ZEWX8hWJFfzB115UpnABBmDVinzx1Cw0IBKBul8UvqaWpkMGyiPFw3Jmdy0jrnjexfw==}
    cpu: [x86]
    os: [linux]

  sst@3.5.13:
    resolution: {integrity: sha512-/8MdMw3FStjGNsHsrSwCbKuxJ3M+yAOKlLLBtFaNF2hD0Idn1fZxMUbOug8uiNPsXI0hjhxyt/ahtwtYeMgzsg==}
    hasBin: true

  typescript@5.7.3:
    resolution: {integrity: sha512-84MVSjMEHP+FQRPy3pX9sTVV/INIex71s9TL2Gm5FG/WG1SqXeKyZ0k7/blY/4FdOzI12CBy1vGc4og/eus0fw==}
    engines: {node: '>=14.17'}
    hasBin: true

  yallist@4.0.0:
    resolution: {integrity: sha512-3wdGidZyq5PB084XLES5TpOSRA3wjXAlIWMhum2kRcv/41Sn2emQ0dycQW4uZXLejwKvg6EsvbdlVL+FYEct7A==}

snapshots:

  '@tsconfig/node22@22.0.0': {}

  aws4fetch@1.0.20: {}

  jose@4.15.9: {}

  jose@5.2.3: {}

  lru-cache@6.0.0:
    dependencies:
      yallist: 4.0.0

  object-hash@2.2.0: {}

  oidc-token-hash@5.0.3: {}

  openid-client@5.6.4:
    dependencies:
      jose: 4.15.9
      lru-cache: 6.0.0
      object-hash: 2.2.0
      oidc-token-hash: 5.0.3

  sst-darwin-arm64@3.5.13:
    optional: true

  sst-darwin-x64@3.5.13:
    optional: true

  sst-linux-arm64@3.5.13:
    optional: true

  sst-linux-x64@3.5.13:
    optional: true

  sst-linux-x86@3.5.13:
    optional: true

  sst@3.5.13:
    dependencies:
      aws4fetch: 1.0.20
      jose: 5.2.3
      openid-client: 5.6.4
    optionalDependencies:
      sst-darwin-arm64: 3.5.13
      sst-darwin-x64: 3.5.13
      sst-linux-arm64: 3.5.13
      sst-linux-x64: 3.5.13
      sst-linux-x86: 3.5.13

  typescript@5.7.3: {}

  yallist@4.0.0: {}
